// !$*UTF8*$!
{
	archiveVersion = 1;
	classes = {
	};
	objectVersion = 46;
	objects = {

/* Begin PBXBuildFile section */
		A5203B641830A49900E76BDD /* main.cpp in Sources */ = {isa = PBXBuildFile; fileRef = A5203B631830A49900E76BDD /* main.cpp */; };
		A5203B661830A49900E76BDD /* Test0001.1 in CopyFiles */ = {isa = PBXBuildFile; fileRef = A5203B651830A49900E76BDD /* Test0001.1 */; };
/* End PBXBuildFile section */

/* Begin PBXCopyFilesBuildPhase section */
		A5203B5E1830A49900E76BDD /* CopyFiles */ = {
			isa = PBXCopyFilesBuildPhase;
			buildActionMask = 2147483647;
			dstPath = /usr/share/man/man1/;
			dstSubfolderSpec = 0;
			files = (
				A5203B661830A49900E76BDD /* Test0001.1 in CopyFiles */,
			);
			runOnlyForDeploymentPostprocessing = 1;
		};
/* End PBXCopyFilesBuildPhase section */

/* Begin PBXFileReference section */
		A5203B601830A49900E76BDD /* Test0001 */ = {isa = PBXFileReference; explicitFileType = "compiled.mach-o.executable"; includeInIndex = 0; path = Test0001; sourceTree = BUILT_PRODUCTS_DIR; };
		A5203B631830A49900E76BDD /* main.cpp */ = {isa = PBXFileReference; lastKnownFileType = sourcecode.cpp.cpp; path = main.cpp; sourceTree = "<group>"; };
		A5203B651830A49900E76BDD /* Test0001.1 */ = {isa = PBXFileReference; lastKnownFileType = text.man; path = Test0001.1; sourceTree = "<group>"; };
/* End PBXFileReference section */

/* Begin PBXFrameworksBuildPhase section */
		A5203B5D1830A49900E76BDD /* Frameworks */ = {
			isa = PBXFrameworksBuildPhase;
			buildActionMask = 2147483647;
			files = (
			);
			runOnlyForDeploymentPostprocessing = 0;
		};
/* End PBXFrameworksBuildPhase section */

/* Begin PBXGroup section */
		A5203B571830A49900E76BDD = {
			isa = PBXGroup;
			children = (
				A5203B621830A49900E76BDD /* Test0001 */,
				A5203B611830A49900E76BDD /* Products */,
			);
			sourceTree = "<group>";
		};
		A5203B611830A49900E76BDD /* Products */ = {
			isa = PBXGroup;
			children = (
				A5203B601830A49900E76BDD /* Test0001 */,
			);
			name = Products;
			sourceTree = "<group>";
		};
		A5203B621830A49900E76BDD /* Test0001 */ = {
			isa = PBXGroup;
			children = (
				A5203B631830A49900E76BDD /* main.cpp */,
				A5203B651830A49900E76BDD /* Test0001.1 */,
			);
			path = Test0001;
			sourceTree = "<group>";
		};
/* End PBXGroup section */

/* Begin PBXNativeTarget section */
		A5203B5F1830A49900E76BDD /* Test0001 */ = {
			isa = PBXNativeTarget;
			buildConfigurationList = A5203B691830A49900E76BDD /* Build configuration list for PBXNativeTarget "Test0001" */;
			buildPhases = (
				A5203B5C1830A49900E76BDD /* Sources */,
				A5203B5D1830A49900E76BDD /* Frameworks */,
				A5203B5E1830A49900E76BDD /* CopyFiles */,
			);
			buildRules = (
			);
			dependencies = (
			);
			name = Test0001;
			productName = Test0001;
			productReference = A5203B601830A49900E76BDD /* Test0001 */;
			productType = "com.apple.product-type.tool";
		};
/* End PBXNativeTarget section */

/* Begin PBXProject section */
		A5203B581830A49900E76BDD /* Project object */ = {
			isa = PBXProject;
			attributes = {
				LastUpgradeCheck = 0460;
				ORGANIZATIONNAME = "takaura-f";
			};
			buildConfigurationList = A5203B5B1830A49900E76BDD /* Build configuration list for PBXProject "Test0001" */;
			compatibilityVersion = "Xcode 3.2";
			developmentRegion = English;
			hasScannedForEncodings = 0;
			knownRegions = (
				en,
			);
			mainGroup = A5203B571830A49900E76BDD;
			productRefGroup = A5203B611830A49900E76BDD /* Products */;
			projectDirPath = "";
			projectRoot = "";
			targets = (
				A5203B5F1830A49900E76BDD /* Test0001 */,
			);
		};
/* End PBXProject section */

/* Begin PBXSourcesBuildPhase section */
		A5203B5C1830A49900E76BDD /* Sources */ = {
			isa = PBXSourcesBuildPhase;
			buildActionMask = 2147483647;
			files = (
				A5203B641830A49900E76BDD /* main.cpp in Sources */,
			);
			runOnlyForDeploymentPostprocessing = 0;
		};
/* End PBXSourcesBuildPhase section */

/* Begin XCBuildConfiguration section */
		A5203B671830A49900E76BDD /* Debug */ = {
			isa = XCBuildConfiguration;
			buildSettings = {
				ALWAYS_SEARCH_USER_PATHS = NO;
				ARCHS = "$(ARCHS_STANDARD_64_BIT)";
				CLANG_CXX_LANGUAGE_STANDARD = "gnu++0x";
				CLANG_CXX_LIBRARY = "libc++";
				CLANG_WARN_CONSTANT_CONVERSION = YES;
				CLANG_WARN_EMPTY_BODY = YES;
				CLANG_WARN_ENUM_CONVERSION = YES;
				CLANG_WARN_INT_CONVERSION = YES;
				CLANG_WARN__DUPLICATE_METHOD_MATCH = YES;
				COPY_PHASE_STRIP = NO;
				GCC_C_LANGUAGE_STANDARD = gnu99;
				GCC_DYNAMIC_NO_PIC = NO;
				GCC_ENABLE_OBJC_EXCEPTIONS = YES;
				GCC_OPTIMIZATION_LEVEL = 0;
				GCC_PREPROCESSOR_DEFINITIONS = (
					"DEBUG=1",
					"$(inherited)",
				);
				GCC_SYMBOLS_PRIVATE_EXTERN = NO;
				GCC_WARN_64_TO_32_BIT_CONVERSION = YES;
				GCC_WARN_ABOUT_RETURN_TYPE = YES;
				GCC_WARN_UNINITIALIZED_AUTOS = YES;
				GCC_WARN_UNUSED_VARIABLE = YES;
				MACOSX_DEPLOYMENT_TARGET = 10.7;
				ONLY_ACTIVE_ARCH = YES;
				SDKROOT = macosx;
			};
			name = Debug;
		};
		A5203B681830A49900E76BDD /* Release */ = {
			isa = XCBuildConfiguration;
			buildSettings = {
				ALWAYS_SEARCH_USER_PATHS = NO;
				ARCHS = "$(ARCHS_STANDARD_64_BIT)";
				CLANG_CXX_LANGUAGE_STANDARD = "gnu++0x";
				CLANG_CXX_LIBRARY = "libc++";
				CLANG_WARN_CONSTANT_CONVERSION = YES;
				CLANG_WARN_EMPTY_BODY = YES;
				CLANG_WARN_ENUM_CONVERSION = YES;
				CLANG_WARN_INT_CONVERSION = YES;
				CLANG_WARN__DUPLICATE_METHOD_MATCH = YES;
				COPY_PHASE_STRIP = YES;
				DEBUG_INFORMATION_FORMAT = "dwarf-with-dsym";
				GCC_C_LANGUAGE_STANDARD = gnu99;
				GCC_ENABLE_OBJC_EXCEPTIONS = YES;
				GCC_WARN_64_TO_32_BIT_CONVERSION = YES;
				GCC_WARN_ABOUT_RETURN_TYPE = YES;
				GCC_WARN_UNINITIALIZED_AUTOS = YES;
				GCC_WARN_UNUSED_VARIABLE = YES;
				MACOSX_DEPLOYMENT_TARGET = 10.7;
				SDKROOT = macosx;
			};
			name = Release;
		};
		A5203B6A1830A49900E76BDD /* Debug */ = {
			isa = XCBuildConfiguration;
			buildSettings = {
				PRODUCT_NAME = "$(TARGET_NAME)";
			};
			name = Debug;
		};
		A5203B6B1830A49900E76BDD /* Release */ = {
			isa = XCBuildConfiguration;
			buildSettings = {
				PRODUCT_NAME = "$(TARGET_NAME)";
			};
			name = Release;
		};
/* End XCBuildConfiguration section */

/* Begin XCConfigurationList section */
		A5203B5B1830A49900E76BDD /* Build configuration list for PBXProject "Test0001" */ = {
			isa = XCConfigurationList;
			buildConfigurations = (
				A5203B671830A49900E76BDD /* Debug */,
				A5203B681830A49900E76BDD /* Release */,
			);
			defaultConfigurationIsVisible = 0;
			defaultConfigurationName = Release;
		};
		A5203B691830A49900E76BDD /* Build configuration list for PBXNativeTarget "Test0001" */ = {
			isa = XCConfigurationList;
			buildConfigurations = (
				A5203B6A1830A49900E76BDD /* Debug */,
				A5203B6B1830A49900E76BDD /* Release */,
			);
			defaultConfigurationIsVisible = 0;
		};
/* End XCConfigurationList section */
	};
	rootObject = A5203B581830A49900E76BDD /* Project object */;
}
